{
  "version": 4,
  "terraform_version": "1.4.2",
  "serial": 8,
  "lineage": "f1bb26c7-8712-93fd-8b74-5f276eed0bdd",
  "outputs": {
    "droplet_ip_address": {
      "value": "161.35.65.249",
      "type": "string"
    }
  },
  "resources": [
    {
      "mode": "managed",
      "type": "digitalocean_droplet",
      "name": "web",
      "provider": "provider[\"registry.terraform.io/digitalocean/digitalocean\"]",
      "instances": [
        {
          "schema_version": 1,
          "attributes": {
            "backups": false,
            "created_at": "2023-04-01T00:20:27Z",
            "disk": 25,
            "droplet_agent": null,
            "graceful_shutdown": false,
            "id": "348536451",
            "image": "ubuntu-20-04-x64",
            "ipv4_address": "161.35.65.249",
            "ipv4_address_private": "10.114.0.2",
            "ipv6": false,
            "ipv6_address": "",
            "locked": false,
            "memory": 1024,
            "monitoring": false,
            "name": "test-droplet",
            "price_hourly": 0.00893,
            "price_monthly": 6,
            "private_networking": true,
            "region": "fra1",
            "resize_disk": true,
            "size": "s-1vcpu-1gb",
            "ssh_keys": null,
            "status": "active",
            "tags": [],
            "timeouts": null,
            "urn": "do:droplet:348536451",
            "user_data": null,
            "vcpus": 1,
            "volume_ids": [],
            "vpc_uuid": "7a02aece-b821-4cb6-b0fa-a2699003db06"
          },
          "sensitive_attributes": [],
          "private": "eyJlMmJmYjczMC1lY2FhLTExZTYtOGY4OC0zNDM2M2JjN2M0YzAiOnsiY3JlYXRlIjozNjAwMDAwMDAwMDAwLCJkZWxldGUiOjYwMDAwMDAwMDAwLCJ1cGRhdGUiOjM2MDAwMDAwMDAwMDB9LCJzY2hlbWFfdmVyc2lvbiI6IjEifQ=="
        }
      ]
    }
  ],
  "check_results": null
}
